
Microsoft Visual Studio Solution File, Format Version 12.00
# Visual Studio Version 16
VisualStudioVersion = 16.0.28803.202
MinimumVisualStudioVersion = 10.0.40219.1
Project("{FAE04EC0-301F-11D3-BF4B-00C04F79EFBC}") = "AsyncFileReading", "AsyncFileReading\AsyncFileReading.csproj", "{A70764E7-8DFA-46DA-9552-D93044AEF507}"
EndProject
Project("{FAE04EC0-301F-11D3-BF4B-00C04F79EFBC}") = "Parallel", "Parallel\Parallel.csproj", "{DC40A1EA-B128-431C-9564-A5664E0928C9}"
EndProject
Project("{FAE04EC0-301F-11D3-BF4B-00C04F79EFBC}") = "TestTasks", "TestTasks\TestTasks.csproj", "{A34DAC66-64CE-46CE-8A03-C5A4C87134C5}"
EndProject
Project("{FAE04EC0-301F-11D3-BF4B-00C04F79EFBC}") = "AsyncCompress", "AsyncCompress\AsyncCompress.csproj", "{BB8E2007-6002-423C-8C4C-BC5970A2E9A3}"
EndProject
Project("{FAE04EC0-301F-11D3-BF4B-00C04F79EFBC}") = "AsyncIO", "AsyncIO\AsyncIO.csproj", "{E0E5CB05-E7E7-41E2-942B-B1DAD3FE7E2A}"
EndProject
Project("{FAE04EC0-301F-11D3-BF4B-00C04F79EFBC}") = "FromAsyncIO", "FromAsyncIO\FromAsyncIO.csproj", "{E652CCA9-5148-4D61-817C-242E500C9154}"
EndProject
Project("{FAE04EC0-301F-11D3-BF4B-00C04F79EFBC}") = "AsyncAwaitSample", "AsyncAwaitSample\AsyncAwaitSample.csproj", "{92194CF1-56F2-4104-935C-D92B1CEBBCCF}"
EndProject
Project("{FAE04EC0-301F-11D3-BF4B-00C04F79EFBC}") = "InterlockedSample", "InterlockedSample\InterlockedSample.csproj", "{F2F31D7B-866B-463A-B8FF-DEB5F0E518E0}"
EndProject
Project("{FAE04EC0-301F-11D3-BF4B-00C04F79EFBC}") = "LockVariable", "LockVariable\LockVariable.csproj", "{9797B7BB-1D0E-489B-8095-9128356CA49E}"
EndProject
Global
	GlobalSection(SolutionConfigurationPlatforms) = preSolution
		Debug|Any CPU = Debug|Any CPU
		Release|Any CPU = Release|Any CPU
	EndGlobalSection
	GlobalSection(ProjectConfigurationPlatforms) = postSolution
		{A70764E7-8DFA-46DA-9552-D93044AEF507}.Debug|Any CPU.ActiveCfg = Debug|Any CPU
		{A70764E7-8DFA-46DA-9552-D93044AEF507}.Debug|Any CPU.Build.0 = Debug|Any CPU
		{A70764E7-8DFA-46DA-9552-D93044AEF507}.Release|Any CPU.ActiveCfg = Release|Any CPU
		{A70764E7-8DFA-46DA-9552-D93044AEF507}.Release|Any CPU.Build.0 = Release|Any CPU
		{DC40A1EA-B128-431C-9564-A5664E0928C9}.Debug|Any CPU.ActiveCfg = Debug|Any CPU
		{DC40A1EA-B128-431C-9564-A5664E0928C9}.Debug|Any CPU.Build.0 = Debug|Any CPU
		{DC40A1EA-B128-431C-9564-A5664E0928C9}.Release|Any CPU.ActiveCfg = Release|Any CPU
		{DC40A1EA-B128-431C-9564-A5664E0928C9}.Release|Any CPU.Build.0 = Release|Any CPU
		{A34DAC66-64CE-46CE-8A03-C5A4C87134C5}.Debug|Any CPU.ActiveCfg = Debug|Any CPU
		{A34DAC66-64CE-46CE-8A03-C5A4C87134C5}.Debug|Any CPU.Build.0 = Debug|Any CPU
		{A34DAC66-64CE-46CE-8A03-C5A4C87134C5}.Release|Any CPU.ActiveCfg = Release|Any CPU
		{A34DAC66-64CE-46CE-8A03-C5A4C87134C5}.Release|Any CPU.Build.0 = Release|Any CPU
		{BB8E2007-6002-423C-8C4C-BC5970A2E9A3}.Debug|Any CPU.ActiveCfg = Debug|Any CPU
		{BB8E2007-6002-423C-8C4C-BC5970A2E9A3}.Debug|Any CPU.Build.0 = Debug|Any CPU
		{BB8E2007-6002-423C-8C4C-BC5970A2E9A3}.Release|Any CPU.ActiveCfg = Release|Any CPU
		{BB8E2007-6002-423C-8C4C-BC5970A2E9A3}.Release|Any CPU.Build.0 = Release|Any CPU
		{E0E5CB05-E7E7-41E2-942B-B1DAD3FE7E2A}.Debug|Any CPU.ActiveCfg = Debug|Any CPU
		{E0E5CB05-E7E7-41E2-942B-B1DAD3FE7E2A}.Debug|Any CPU.Build.0 = Debug|Any CPU
		{E0E5CB05-E7E7-41E2-942B-B1DAD3FE7E2A}.Release|Any CPU.ActiveCfg = Release|Any CPU
		{E0E5CB05-E7E7-41E2-942B-B1DAD3FE7E2A}.Release|Any CPU.Build.0 = Release|Any CPU
		{E652CCA9-5148-4D61-817C-242E500C9154}.Debug|Any CPU.ActiveCfg = Debug|Any CPU
		{E652CCA9-5148-4D61-817C-242E500C9154}.Debug|Any CPU.Build.0 = Debug|Any CPU
		{E652CCA9-5148-4D61-817C-242E500C9154}.Release|Any CPU.ActiveCfg = Release|Any CPU
		{E652CCA9-5148-4D61-817C-242E500C9154}.Release|Any CPU.Build.0 = Release|Any CPU
		{92194CF1-56F2-4104-935C-D92B1CEBBCCF}.Debug|Any CPU.ActiveCfg = Debug|Any CPU
		{92194CF1-56F2-4104-935C-D92B1CEBBCCF}.Debug|Any CPU.Build.0 = Debug|Any CPU
		{92194CF1-56F2-4104-935C-D92B1CEBBCCF}.Release|Any CPU.ActiveCfg = Release|Any CPU
		{92194CF1-56F2-4104-935C-D92B1CEBBCCF}.Release|Any CPU.Build.0 = Release|Any CPU
		{F2F31D7B-866B-463A-B8FF-DEB5F0E518E0}.Debug|Any CPU.ActiveCfg = Debug|Any CPU
		{F2F31D7B-866B-463A-B8FF-DEB5F0E518E0}.Debug|Any CPU.Build.0 = Debug|Any CPU
		{F2F31D7B-866B-463A-B8FF-DEB5F0E518E0}.Release|Any CPU.ActiveCfg = Release|Any CPU
		{F2F31D7B-866B-463A-B8FF-DEB5F0E518E0}.Release|Any CPU.Build.0 = Release|Any CPU
		{9797B7BB-1D0E-489B-8095-9128356CA49E}.Debug|Any CPU.ActiveCfg = Debug|Any CPU
		{9797B7BB-1D0E-489B-8095-9128356CA49E}.Debug|Any CPU.Build.0 = Debug|Any CPU
		{9797B7BB-1D0E-489B-8095-9128356CA49E}.Release|Any CPU.ActiveCfg = Release|Any CPU
		{9797B7BB-1D0E-489B-8095-9128356CA49E}.Release|Any CPU.Build.0 = Release|Any CPU
	EndGlobalSection
	GlobalSection(SolutionProperties) = preSolution
		HideSolutionNode = FALSE
	EndGlobalSection
	GlobalSection(ExtensibilityGlobals) = postSolution
		SolutionGuid = {2D163450-2DB7-4B91-A93A-146BC0EF1A9A}
	EndGlobalSection
EndGlobal
